// !$*UTF8*$!
{
	archiveVersion = 1;
	classes = {
	};
	objectVersion = 46;
	objects = {

/* Begin PBXBuildFile section */
		7D3E40921CDB2F77002B0997 /* AboutWindowController.m in Sources */ = {isa = PBXBuildFile; fileRef = 7D3E40911CDB2F77002B0997 /* AboutWindowController.m */; };
		7D3E40941CDB2F82002B0997 /* AboutWindow.xib in Resources */ = {isa = PBXBuildFile; fileRef = 7D3E40931CDB2F82002B0997 /* AboutWindow.xib */; };
		7D3E409B1CDEF40C002B0997 /* com.objective-see.ransomwhere.plist in Resources */ = {isa = PBXBuildFile; fileRef = 7D3E40981CDEF40C002B0997 /* com.objective-see.ransomwhere.plist */; };
		7D3E409C1CDEF40C002B0997 /* graylist.plist in Resources */ = {isa = PBXBuildFile; fileRef = 7D3E40991CDEF40C002B0997 /* graylist.plist */; };
		7D3E409D1CDEF40C002B0997 /* whitelist.plist in Resources */ = {isa = PBXBuildFile; fileRef = 7D3E409A1CDEF40C002B0997 /* whitelist.plist */; };
		7DCF017F1CB996E70051C574 /* alertIcon.png in Resources */ = {isa = PBXBuildFile; fileRef = 7DCF017E1CB996E70051C574 /* alertIcon.png */; };
		7DE29CFC1CABB59600DFA6A6 /* AppDelegate.m in Sources */ = {isa = PBXBuildFile; fileRef = 7DE29CE61CABB59600DFA6A6 /* AppDelegate.m */; };
		7DE29CFD1CABB59600DFA6A6 /* Base.lproj in Resources */ = {isa = PBXBuildFile; fileRef = 7DE29CE71CABB59600DFA6A6 /* Base.lproj */; };
		7DE29CFE1CABB59600DFA6A6 /* Configure.m in Sources */ = {isa = PBXBuildFile; fileRef = 7DE29CE91CABB59600DFA6A6 /* Configure.m */; };
		7DE29CFF1CABB59600DFA6A6 /* ConfigureWindowController.m in Sources */ = {isa = PBXBuildFile; fileRef = 7DE29CEB1CABB59600DFA6A6 /* ConfigureWindowController.m */; };
		7DE29D001CABB59600DFA6A6 /* en.lproj in Resources */ = {isa = PBXBuildFile; fileRef = 7DE29CED1CABB59600DFA6A6 /* en.lproj */; };
		7DE29D011CABB59600DFA6A6 /* ErrorWindowController.m in Sources */ = {isa = PBXBuildFile; fileRef = 7DE29CEF1CABB59600DFA6A6 /* ErrorWindowController.m */; };
		7DE29D041CABB59600DFA6A6 /* Images.xcassets in Resources */ = {isa = PBXBuildFile; fileRef = 7DE29CF31CABB59600DFA6A6 /* Images.xcassets */; };
		7DE29D091CABB59600DFA6A6 /* Utilities.m in Sources */ = {isa = PBXBuildFile; fileRef = 7DE29CFB1CABB59600DFA6A6 /* Utilities.m */; };
		7DE29D121CABB5FE00DFA6A6 /* main.m in Sources */ = {isa = PBXBuildFile; fileRef = 7DE29D101CABB5FE00DFA6A6 /* main.m */; };
		7DE29D141CABB67A00DFA6A6 /* ErrorWindowController.xib in Resources */ = {isa = PBXBuildFile; fileRef = 7DE29D131CABB67A00DFA6A6 /* ErrorWindowController.xib */; };
		7DE29D161CABB72200DFA6A6 /* ConfigureWindowController.xib in Resources */ = {isa = PBXBuildFile; fileRef = 7DE29D151CABB72200DFA6A6 /* ConfigureWindowController.xib */; };
		7DE29D191CABB78600DFA6A6 /* MainMenu.xib in Resources */ = {isa = PBXBuildFile; fileRef = 7DE29D171CABB78600DFA6A6 /* MainMenu.xib */; };
		7DE29D1C1CAD0BBD00DFA6A6 /* icon.png in Resources */ = {isa = PBXBuildFile; fileRef = 7DE29D1A1CAD0BBD00DFA6A6 /* icon.png */; };
		7DE29D1D1CAD0BBD00DFA6A6 /* ransomwhere.png in Resources */ = {isa = PBXBuildFile; fileRef = 7DE29D1B1CAD0BBD00DFA6A6 /* ransomwhere.png */; };
		7DEABC4A1E934C050024C6AB /* objectiveSee.png in Resources */ = {isa = PBXBuildFile; fileRef = 7DEABC491E934C050024C6AB /* objectiveSee.png */; };
		7DF7080E1CB0942400FF79D8 /* Logging.m in Sources */ = {isa = PBXBuildFile; fileRef = 7DF7080A1CB0942400FF79D8 /* Logging.m */; };
		7DF7080F1CB0942400FF79D8 /* Exception.m in Sources */ = {isa = PBXBuildFile; fileRef = 7DF7080D1CB0942400FF79D8 /* Exception.m */; };
		CD7F088C19AE6DCA00FF00FC /* Cocoa.framework in Frameworks */ = {isa = PBXBuildFile; fileRef = CD7F088B19AE6DCA00FF00FC /* Cocoa.framework */; };
/* End PBXBuildFile section */

/* Begin PBXFileReference section */
		7D3E40901CDB2F77002B0997 /* AboutWindowController.h */ = {isa = PBXFileReference; fileEncoding = 4; lastKnownFileType = sourcecode.c.h; name = AboutWindowController.h; path = Installer/AboutWindowController.h; sourceTree = "<group>"; };
		7D3E40911CDB2F77002B0997 /* AboutWindowController.m */ = {isa = PBXFileReference; fileEncoding = 4; lastKnownFileType = sourcecode.c.objc; name = AboutWindowController.m; path = Installer/AboutWindowController.m; sourceTree = "<group>"; };
		7D3E40931CDB2F82002B0997 /* AboutWindow.xib */ = {isa = PBXFileReference; fileEncoding = 4; lastKnownFileType = file.xib; name = AboutWindow.xib; path = UI/AboutWindow.xib; sourceTree = "<group>"; };
		7D3E40981CDEF40C002B0997 /* com.objective-see.ransomwhere.plist */ = {isa = PBXFileReference; fileEncoding = 4; lastKnownFileType = text.plist.xml; name = "com.objective-see.ransomwhere.plist"; path = "Installer/DaemonResources/com.objective-see.ransomwhere.plist"; sourceTree = "<group>"; };
		7D3E40991CDEF40C002B0997 /* graylist.plist */ = {isa = PBXFileReference; fileEncoding = 4; lastKnownFileType = text.plist.xml; name = graylist.plist; path = Installer/DaemonResources/graylist.plist; sourceTree = "<group>"; };
		7D3E409A1CDEF40C002B0997 /* whitelist.plist */ = {isa = PBXFileReference; fileEncoding = 4; lastKnownFileType = text.plist.xml; name = whitelist.plist; path = Installer/DaemonResources/whitelist.plist; sourceTree = "<group>"; };
		7D3E409E1CE1B9B3002B0997 /* main.h */ = {isa = PBXFileReference; lastKnownFileType = sourcecode.c.h; path = main.h; sourceTree = "<group>"; };
		7DCF017E1CB996E70051C574 /* alertIcon.png */ = {isa = PBXFileReference; lastKnownFileType = image.png; name = alertIcon.png; path = Installer/images/alertIcon.png; sourceTree = "<group>"; };
		7DE29CE51CABB59600DFA6A6 /* AppDelegate.h */ = {isa = PBXFileReference; fileEncoding = 4; lastKnownFileType = sourcecode.c.h; name = AppDelegate.h; path = Installer/AppDelegate.h; sourceTree = "<group>"; };
		7DE29CE61CABB59600DFA6A6 /* AppDelegate.m */ = {isa = PBXFileReference; fileEncoding = 4; lastKnownFileType = sourcecode.c.objc; name = AppDelegate.m; path = Installer/AppDelegate.m; sourceTree = "<group>"; };
		7DE29CE71CABB59600DFA6A6 /* Base.lproj */ = {isa = PBXFileReference; lastKnownFileType = folder; name = Base.lproj; path = Installer/Base.lproj; sourceTree = "<group>"; };
		7DE29CE81CABB59600DFA6A6 /* Configure.h */ = {isa = PBXFileReference; fileEncoding = 4; lastKnownFileType = sourcecode.c.h; name = Configure.h; path = Installer/Configure.h; sourceTree = "<group>"; };
		7DE29CE91CABB59600DFA6A6 /* Configure.m */ = {isa = PBXFileReference; fileEncoding = 4; lastKnownFileType = sourcecode.c.objc; name = Configure.m; path = Installer/Configure.m; sourceTree = "<group>"; };
		7DE29CEA1CABB59600DFA6A6 /* ConfigureWindowController.h */ = {isa = PBXFileReference; fileEncoding = 4; lastKnownFileType = sourcecode.c.h; name = ConfigureWindowController.h; path = Installer/ConfigureWindowController.h; sourceTree = "<group>"; };
		7DE29CEB1CABB59600DFA6A6 /* ConfigureWindowController.m */ = {isa = PBXFileReference; fileEncoding = 4; lastKnownFileType = sourcecode.c.objc; name = ConfigureWindowController.m; path = Installer/ConfigureWindowController.m; sourceTree = "<group>"; };
		7DE29CEC1CABB59600DFA6A6 /* Consts.h */ = {isa = PBXFileReference; fileEncoding = 4; lastKnownFileType = sourcecode.c.h; name = Consts.h; path = Installer/Consts.h; sourceTree = "<group>"; };
		7DE29CED1CABB59600DFA6A6 /* en.lproj */ = {isa = PBXFileReference; lastKnownFileType = folder; name = en.lproj; path = Installer/en.lproj; sourceTree = "<group>"; };
		7DE29CEE1CABB59600DFA6A6 /* ErrorWindowController.h */ = {isa = PBXFileReference; fileEncoding = 4; lastKnownFileType = sourcecode.c.h; name = ErrorWindowController.h; path = Installer/ErrorWindowController.h; sourceTree = "<group>"; };
		7DE29CEF1CABB59600DFA6A6 /* ErrorWindowController.m */ = {isa = PBXFileReference; fileEncoding = 4; lastKnownFileType = sourcecode.c.objc; name = ErrorWindowController.m; path = Installer/ErrorWindowController.m; sourceTree = "<group>"; };
		7DE29CF31CABB59600DFA6A6 /* Images.xcassets */ = {isa = PBXFileReference; lastKnownFileType = folder.assetcatalog; name = Images.xcassets; path = Installer/Images.xcassets; sourceTree = "<group>"; };
		7DE29CFA1CABB59600DFA6A6 /* Utilities.h */ = {isa = PBXFileReference; fileEncoding = 4; lastKnownFileType = sourcecode.c.h; name = Utilities.h; path = Installer/Utilities.h; sourceTree = "<group>"; };
		7DE29CFB1CABB59600DFA6A6 /* Utilities.m */ = {isa = PBXFileReference; fileEncoding = 4; lastKnownFileType = sourcecode.c.objc; name = Utilities.m; path = Installer/Utilities.m; sourceTree = "<group>"; };
		7DE29D0E1CABB5FE00DFA6A6 /* Installer-Info.plist */ = {isa = PBXFileReference; fileEncoding = 4; lastKnownFileType = text.plist.xml; name = "Installer-Info.plist"; path = "Installer/Installer-Info.plist"; sourceTree = SOURCE_ROOT; };
		7DE29D0F1CABB5FE00DFA6A6 /* Installer-Prefix.pch */ = {isa = PBXFileReference; fileEncoding = 4; lastKnownFileType = sourcecode.c.h; name = "Installer-Prefix.pch"; path = "Installer/Installer-Prefix.pch"; sourceTree = SOURCE_ROOT; };
		7DE29D101CABB5FE00DFA6A6 /* main.m */ = {isa = PBXFileReference; fileEncoding = 4; lastKnownFileType = sourcecode.c.objc; name = main.m; path = Installer/main.m; sourceTree = SOURCE_ROOT; };
		7DE29D131CABB67A00DFA6A6 /* ErrorWindowController.xib */ = {isa = PBXFileReference; fileEncoding = 4; lastKnownFileType = file.xib; name = ErrorWindowController.xib; path = Installer/UI/ErrorWindowController.xib; sourceTree = SOURCE_ROOT; };
		7DE29D151CABB72200DFA6A6 /* ConfigureWindowController.xib */ = {isa = PBXFileReference; fileEncoding = 4; lastKnownFileType = file.xib; name = ConfigureWindowController.xib; path = UI/ConfigureWindowController.xib; sourceTree = "<group>"; };
		7DE29D181CABB78600DFA6A6 /* Base */ = {isa = PBXFileReference; lastKnownFileType = file.xib; name = Base; path = Base.lproj/MainMenu.xib; sourceTree = "<group>"; };
		7DE29D1A1CAD0BBD00DFA6A6 /* icon.png */ = {isa = PBXFileReference; lastKnownFileType = image.png; name = icon.png; path = Installer/images/icon.png; sourceTree = "<group>"; };
		7DE29D1B1CAD0BBD00DFA6A6 /* ransomwhere.png */ = {isa = PBXFileReference; lastKnownFileType = image.png; name = ransomwhere.png; path = Installer/images/ransomwhere.png; sourceTree = "<group>"; };
		7DEABC491E934C050024C6AB /* objectiveSee.png */ = {isa = PBXFileReference; lastKnownFileType = image.png; name = objectiveSee.png; path = Installer/images/objectiveSee.png; sourceTree = "<group>"; };
		7DF7080A1CB0942400FF79D8 /* Logging.m */ = {isa = PBXFileReference; fileEncoding = 4; lastKnownFileType = sourcecode.c.objc; name = Logging.m; path = Shared/Logging.m; sourceTree = "<group>"; };
		7DF7080B1CB0942400FF79D8 /* Logging.h */ = {isa = PBXFileReference; fileEncoding = 4; lastKnownFileType = sourcecode.c.h; name = Logging.h; path = Shared/Logging.h; sourceTree = "<group>"; };
		7DF7080C1CB0942400FF79D8 /* Exception.h */ = {isa = PBXFileReference; fileEncoding = 4; lastKnownFileType = sourcecode.c.h; name = Exception.h; path = Shared/Exception.h; sourceTree = "<group>"; };
		7DF7080D1CB0942400FF79D8 /* Exception.m */ = {isa = PBXFileReference; fileEncoding = 4; lastKnownFileType = sourcecode.c.objc; name = Exception.m; path = Shared/Exception.m; sourceTree = "<group>"; };
		CD7F088819AE6DCA00FF00FC /* RansomWhere.app */ = {isa = PBXFileReference; explicitFileType = wrapper.application; includeInIndex = 0; name = RansomWhere.app; path = RansomWhere_Installer.app; sourceTree = BUILT_PRODUCTS_DIR; };
		CD7F088B19AE6DCA00FF00FC /* Cocoa.framework */ = {isa = PBXFileReference; lastKnownFileType = wrapper.framework; name = Cocoa.framework; path = System/Library/Frameworks/Cocoa.framework; sourceTree = SDKROOT; };
		CD7F088E19AE6DCA00FF00FC /* AppKit.framework */ = {isa = PBXFileReference; lastKnownFileType = wrapper.framework; name = AppKit.framework; path = System/Library/Frameworks/AppKit.framework; sourceTree = SDKROOT; };
		CD7F089019AE6DCA00FF00FC /* Foundation.framework */ = {isa = PBXFileReference; lastKnownFileType = wrapper.framework; name = Foundation.framework; path = System/Library/Frameworks/Foundation.framework; sourceTree = SDKROOT; };
/* End PBXFileReference section */

/* Begin PBXFrameworksBuildPhase section */
		CD7F088519AE6DCA00FF00FC /* Frameworks */ = {
			isa = PBXFrameworksBuildPhase;
			buildActionMask = 2147483647;
			files = (
				CD7F088C19AE6DCA00FF00FC /* Cocoa.framework in Frameworks */,
			);
			runOnlyForDeploymentPostprocessing = 0;
		};
/* End PBXFrameworksBuildPhase section */

/* Begin PBXGroup section */
		7D3E40971CDEF3E8002B0997 /* DaemonResources */ = {
			isa = PBXGroup;
			children = (
				7D3E40981CDEF40C002B0997 /* com.objective-see.ransomwhere.plist */,
				7D3E40991CDEF40C002B0997 /* graylist.plist */,
				7D3E409A1CDEF40C002B0997 /* whitelist.plist */,
			);
			name = DaemonResources;
			sourceTree = "<group>";
		};
		7DE29D1E1CAD0BD300DFA6A6 /* images */ = {
			isa = PBXGroup;
			children = (
				7DEABC491E934C050024C6AB /* objectiveSee.png */,
				7DCF017E1CB996E70051C574 /* alertIcon.png */,
				7DE29D1A1CAD0BBD00DFA6A6 /* icon.png */,
				7DE29D1B1CAD0BBD00DFA6A6 /* ransomwhere.png */,
			);
			name = images;
			sourceTree = "<group>";
		};
		7DF708091CB0941800FF79D8 /* Shared */ = {
			isa = PBXGroup;
			children = (
				7DF7080A1CB0942400FF79D8 /* Logging.m */,
				7DF7080B1CB0942400FF79D8 /* Logging.h */,
				7DF7080C1CB0942400FF79D8 /* Exception.h */,
				7DF7080D1CB0942400FF79D8 /* Exception.m */,
			);
			name = Shared;
			sourceTree = "<group>";
		};
		CD7C872019D4428100EC7F0A /* UI */ = {
			isa = PBXGroup;
			children = (
				7DE29D171CABB78600DFA6A6 /* MainMenu.xib */,
				7D3E40931CDB2F82002B0997 /* AboutWindow.xib */,
				7DE29D131CABB67A00DFA6A6 /* ErrorWindowController.xib */,
				7DE29D151CABB72200DFA6A6 /* ConfigureWindowController.xib */,
			);
			name = UI;
			path = Installer;
			sourceTree = "<group>";
		};
		CD7F087F19AE6DCA00FF00FC = {
			isa = PBXGroup;
			children = (
				7D3E40901CDB2F77002B0997 /* AboutWindowController.h */,
				7D3E40911CDB2F77002B0997 /* AboutWindowController.m */,
				7DF708091CB0941800FF79D8 /* Shared */,
				7DE29CE51CABB59600DFA6A6 /* AppDelegate.h */,
				7DE29CE61CABB59600DFA6A6 /* AppDelegate.m */,
				7DE29CE81CABB59600DFA6A6 /* Configure.h */,
				7DE29CE91CABB59600DFA6A6 /* Configure.m */,
				7DE29CEA1CABB59600DFA6A6 /* ConfigureWindowController.h */,
				7DE29CEB1CABB59600DFA6A6 /* ConfigureWindowController.m */,
				7DE29CEC1CABB59600DFA6A6 /* Consts.h */,
				7DE29CEE1CABB59600DFA6A6 /* ErrorWindowController.h */,
				7DE29CEF1CABB59600DFA6A6 /* ErrorWindowController.m */,
				7DE29CFA1CABB59600DFA6A6 /* Utilities.h */,
				7DE29CFB1CABB59600DFA6A6 /* Utilities.m */,
				7DE29D1E1CAD0BD300DFA6A6 /* images */,
				7DE29CED1CABB59600DFA6A6 /* en.lproj */,
				7DE29CE71CABB59600DFA6A6 /* Base.lproj */,
				7DE29CF31CABB59600DFA6A6 /* Images.xcassets */,
				7D3E40971CDEF3E8002B0997 /* DaemonResources */,
				CD7F089219AE6DCA00FF00FC /* Supporting Files */,
				CD7C872019D4428100EC7F0A /* UI */,
				CD7F088A19AE6DCA00FF00FC /* Frameworks */,
				CD7F088919AE6DCA00FF00FC /* Products */,
			);
			sourceTree = "<group>";
		};
		CD7F088919AE6DCA00FF00FC /* Products */ = {
			isa = PBXGroup;
			children = (
				CD7F088819AE6DCA00FF00FC /* RansomWhere.app */,
			);
			name = Products;
			sourceTree = "<group>";
		};
		CD7F088A19AE6DCA00FF00FC /* Frameworks */ = {
			isa = PBXGroup;
			children = (
				CD7F088E19AE6DCA00FF00FC /* AppKit.framework */,
				CD7F088B19AE6DCA00FF00FC /* Cocoa.framework */,
				CD7F089019AE6DCA00FF00FC /* Foundation.framework */,
			);
			name = Frameworks;
			sourceTree = "<group>";
		};
		CD7F089219AE6DCA00FF00FC /* Supporting Files */ = {
			isa = PBXGroup;
			children = (
				7DE29D0E1CABB5FE00DFA6A6 /* Installer-Info.plist */,
				7DE29D0F1CABB5FE00DFA6A6 /* Installer-Prefix.pch */,
				7DE29D101CABB5FE00DFA6A6 /* main.m */,
				7D3E409E1CE1B9B3002B0997 /* main.h */,
			);
			name = "Supporting Files";
			path = Installer;
			sourceTree = "<group>";
		};
/* End PBXGroup section */

/* Begin PBXNativeTarget section */
		CD7F088719AE6DCA00FF00FC /* Installer */ = {
			isa = PBXNativeTarget;
			buildConfigurationList = CD7F08B919AE6DCA00FF00FC /* Build configuration list for PBXNativeTarget "Installer" */;
			buildPhases = (
				CD7F088419AE6DCA00FF00FC /* Sources */,
				CD7F088519AE6DCA00FF00FC /* Frameworks */,
				CD7F088619AE6DCA00FF00FC /* Resources */,
				7D774F241C015DBD00A9CCE4 /* Run Script */,
			);
			buildRules = (
			);
			dependencies = (
			);
			name = Installer;
			productName = Installer;
			productReference = CD7F088819AE6DCA00FF00FC /* RansomWhere.app */;
			productType = "com.apple.product-type.application";
		};
/* End PBXNativeTarget section */

/* Begin PBXProject section */
		CD7F088019AE6DCA00FF00FC /* Project object */ = {
			isa = PBXProject;
			attributes = {
				LastUpgradeCheck = 0940;
				ORGANIZATIONNAME = "Objective-See";
				TargetAttributes = {
					CD7F088719AE6DCA00FF00FC = {
						DevelopmentTeam = VBG97UB4TA;
					};
				};
			};
			buildConfigurationList = CD7F088319AE6DCA00FF00FC /* Build configuration list for PBXProject "Installer" */;
			compatibilityVersion = "Xcode 3.2";
			developmentRegion = English;
			hasScannedForEncodings = 0;
			knownRegions = (
				en,
				Base,
			);
			mainGroup = CD7F087F19AE6DCA00FF00FC;
			productRefGroup = CD7F088919AE6DCA00FF00FC /* Products */;
			projectDirPath = "";
			projectRoot = "";
			targets = (
				CD7F088719AE6DCA00FF00FC /* Installer */,
			);
		};
/* End PBXProject section */

/* Begin PBXResourcesBuildPhase section */
		CD7F088619AE6DCA00FF00FC /* Resources */ = {
			isa = PBXResourcesBuildPhase;
			buildActionMask = 2147483647;
			files = (
				7DE29D141CABB67A00DFA6A6 /* ErrorWindowController.xib in Resources */,
				7DEABC4A1E934C050024C6AB /* objectiveSee.png in Resources */,
				7DE29D1C1CAD0BBD00DFA6A6 /* icon.png in Resources */,
				7DCF017F1CB996E70051C574 /* alertIcon.png in Resources */,
				7D3E409C1CDEF40C002B0997 /* graylist.plist in Resources */,
				7DE29CFD1CABB59600DFA6A6 /* Base.lproj in Resources */,
				7DE29D161CABB72200DFA6A6 /* ConfigureWindowController.xib in Resources */,
				7D3E40941CDB2F82002B0997 /* AboutWindow.xib in Resources */,
				7DE29D041CABB59600DFA6A6 /* Images.xcassets in Resources */,
				7DE29D1D1CAD0BBD00DFA6A6 /* ransomwhere.png in Resources */,
				7D3E409B1CDEF40C002B0997 /* com.objective-see.ransomwhere.plist in Resources */,
				7D3E409D1CDEF40C002B0997 /* whitelist.plist in Resources */,
				7DE29D001CABB59600DFA6A6 /* en.lproj in Resources */,
				7DE29D191CABB78600DFA6A6 /* MainMenu.xib in Resources */,
			);
			runOnlyForDeploymentPostprocessing = 0;
		};
/* End PBXResourcesBuildPhase section */

/* Begin PBXShellScriptBuildPhase section */
		7D774F241C015DBD00A9CCE4 /* Run Script */ = {
			isa = PBXShellScriptBuildPhase;
			buildActionMask = 2147483647;
			files = (
			);
			inputPaths = (
			);
			name = "Run Script";
			outputPaths = (
			);
			runOnlyForDeploymentPostprocessing = 0;
			shellPath = /bin/sh;
			shellScript = "#cp -R -f $BUILT_PRODUCTS_DIR/Daemon $BUILT_PRODUCTS_DIR/$CONTENTS_FOLDER_PATH/Resources/RansomWhere\ncp -R -f $PROJECT_DIR/DerivedData/RansomWhere/Build/Products/Release/Daemon $PROJECT_DIR/DerivedData/RansomWhere/Build/Intermediates.noindex/ArchiveIntermediates/Installer/BuildProductsPath/Release/RansomWhere_Installer.app/Contents/Resources/RansomWhere\n";
		};
/* End PBXShellScriptBuildPhase section */

/* Begin PBXSourcesBuildPhase section */
		CD7F088419AE6DCA00FF00FC /* Sources */ = {
			isa = PBXSourcesBuildPhase;
			buildActionMask = 2147483647;
			files = (
				7DE29CFF1CABB59600DFA6A6 /* ConfigureWindowController.m in Sources */,
				7DE29D091CABB59600DFA6A6 /* Utilities.m in Sources */,
				7DF7080E1CB0942400FF79D8 /* Logging.m in Sources */,
				7DE29CFC1CABB59600DFA6A6 /* AppDelegate.m in Sources */,
				7DE29D011CABB59600DFA6A6 /* ErrorWindowController.m in Sources */,
				7DE29CFE1CABB59600DFA6A6 /* Configure.m in Sources */,
				7DF7080F1CB0942400FF79D8 /* Exception.m in Sources */,
				7DE29D121CABB5FE00DFA6A6 /* main.m in Sources */,
				7D3E40921CDB2F77002B0997 /* AboutWindowController.m in Sources */,
			);
			runOnlyForDeploymentPostprocessing = 0;
		};
/* End PBXSourcesBuildPhase section */

/* Begin PBXVariantGroup section */
		7DE29D171CABB78600DFA6A6 /* MainMenu.xib */ = {
			isa = PBXVariantGroup;
			children = (
				7DE29D181CABB78600DFA6A6 /* Base */,
			);
			name = MainMenu.xib;
			sourceTree = "<group>";
		};
/* End PBXVariantGroup section */

/* Begin XCBuildConfiguration section */
		CD7F08B719AE6DCA00FF00FC /* Debug */ = {
			isa = XCBuildConfiguration;
			buildSettings = {
				ALWAYS_SEARCH_USER_PATHS = NO;
				CLANG_CXX_LANGUAGE_STANDARD = "gnu++0x";
				CLANG_CXX_LIBRARY = "libc++";
				CLANG_ENABLE_MODULES = YES;
				CLANG_ENABLE_OBJC_ARC = YES;
				CLANG_WARN_BLOCK_CAPTURE_AUTORELEASING = YES;
				CLANG_WARN_BOOL_CONVERSION = YES;
				CLANG_WARN_COMMA = YES;
				CLANG_WARN_CONSTANT_CONVERSION = YES;
				CLANG_WARN_DEPRECATED_OBJC_IMPLEMENTATIONS = YES;
				CLANG_WARN_DIRECT_OBJC_ISA_USAGE = YES_ERROR;
				CLANG_WARN_EMPTY_BODY = YES;
				CLANG_WARN_ENUM_CONVERSION = YES;
				CLANG_WARN_INFINITE_RECURSION = YES;
				CLANG_WARN_INT_CONVERSION = YES;
				CLANG_WARN_NON_LITERAL_NULL_CONVERSION = YES;
				CLANG_WARN_OBJC_IMPLICIT_RETAIN_SELF = YES;
				CLANG_WARN_OBJC_LITERAL_CONVERSION = YES;
				CLANG_WARN_OBJC_ROOT_CLASS = YES_ERROR;
				CLANG_WARN_RANGE_LOOP_ANALYSIS = YES;
				CLANG_WARN_STRICT_PROTOTYPES = YES;
				CLANG_WARN_SUSPICIOUS_MOVE = YES;
				CLANG_WARN_UNREACHABLE_CODE = YES;
				CLANG_WARN__DUPLICATE_METHOD_MATCH = YES;
				COPY_PHASE_STRIP = NO;
				ENABLE_STRICT_OBJC_MSGSEND = YES;
				ENABLE_TESTABILITY = YES;
				GCC_C_LANGUAGE_STANDARD = gnu99;
				GCC_DYNAMIC_NO_PIC = NO;
				GCC_ENABLE_OBJC_EXCEPTIONS = YES;
				GCC_NO_COMMON_BLOCKS = YES;
				GCC_OPTIMIZATION_LEVEL = 0;
				GCC_PREPROCESSOR_DEFINITIONS = (
					"DEBUG=1",
					"$(inherited)",
				);
				GCC_SYMBOLS_PRIVATE_EXTERN = NO;
				GCC_WARN_64_TO_32_BIT_CONVERSION = YES;
				GCC_WARN_ABOUT_DEPRECATED_FUNCTIONS = NO;
				GCC_WARN_ABOUT_RETURN_TYPE = YES_ERROR;
				GCC_WARN_UNDECLARED_SELECTOR = YES;
				GCC_WARN_UNINITIALIZED_AUTOS = YES_AGGRESSIVE;
				GCC_WARN_UNUSED_FUNCTION = YES;
				GCC_WARN_UNUSED_VARIABLE = YES;
				MACOSX_DEPLOYMENT_TARGET = 10.8;
				ONLY_ACTIVE_ARCH = YES;
				SDKROOT = macosx;
			};
			name = Debug;
		};
		CD7F08B819AE6DCA00FF00FC /* Release */ = {
			isa = XCBuildConfiguration;
			buildSettings = {
				ALWAYS_SEARCH_USER_PATHS = NO;
				CLANG_CXX_LANGUAGE_STANDARD = "gnu++0x";
				CLANG_CXX_LIBRARY = "libc++";
				CLANG_ENABLE_MODULES = YES;
				CLANG_ENABLE_OBJC_ARC = YES;
				CLANG_WARN_BLOCK_CAPTURE_AUTORELEASING = YES;
				CLANG_WARN_BOOL_CONVERSION = YES;
				CLANG_WARN_COMMA = YES;
				CLANG_WARN_CONSTANT_CONVERSION = YES;
				CLANG_WARN_DEPRECATED_OBJC_IMPLEMENTATIONS = YES;
				CLANG_WARN_DIRECT_OBJC_ISA_USAGE = YES_ERROR;
				CLANG_WARN_EMPTY_BODY = YES;
				CLANG_WARN_ENUM_CONVERSION = YES;
				CLANG_WARN_INFINITE_RECURSION = YES;
				CLANG_WARN_INT_CONVERSION = YES;
				CLANG_WARN_NON_LITERAL_NULL_CONVERSION = YES;
				CLANG_WARN_OBJC_IMPLICIT_RETAIN_SELF = YES;
				CLANG_WARN_OBJC_LITERAL_CONVERSION = YES;
				CLANG_WARN_OBJC_ROOT_CLASS = YES_ERROR;
				CLANG_WARN_RANGE_LOOP_ANALYSIS = YES;
				CLANG_WARN_STRICT_PROTOTYPES = YES;
				CLANG_WARN_SUSPICIOUS_MOVE = YES;
				CLANG_WARN_UNREACHABLE_CODE = YES;
				CLANG_WARN__DUPLICATE_METHOD_MATCH = YES;
				COPY_PHASE_STRIP = YES;
				DEBUG_INFORMATION_FORMAT = "dwarf-with-dsym";
				ENABLE_NS_ASSERTIONS = NO;
				ENABLE_STRICT_OBJC_MSGSEND = YES;
				GCC_C_LANGUAGE_STANDARD = gnu99;
				GCC_ENABLE_OBJC_EXCEPTIONS = YES;
				GCC_NO_COMMON_BLOCKS = YES;
				GCC_WARN_64_TO_32_BIT_CONVERSION = YES;
				GCC_WARN_ABOUT_DEPRECATED_FUNCTIONS = NO;
				GCC_WARN_ABOUT_RETURN_TYPE = YES_ERROR;
				GCC_WARN_UNDECLARED_SELECTOR = YES;
				GCC_WARN_UNINITIALIZED_AUTOS = YES_AGGRESSIVE;
				GCC_WARN_UNUSED_FUNCTION = YES;
				GCC_WARN_UNUSED_VARIABLE = YES;
				MACOSX_DEPLOYMENT_TARGET = 10.8;
				SDKROOT = macosx;
			};
			name = Release;
		};
		CD7F08BA19AE6DCA00FF00FC /* Debug */ = {
			isa = XCBuildConfiguration;
			buildSettings = {
				ASSETCATALOG_COMPILER_APPICON_NAME = AppIcon;
				CODE_SIGN_IDENTITY = "Developer ID Application: Objective-See, LLC (VBG97UB4TA)";
				"CODE_SIGN_IDENTITY[sdk=macosx*]" = "Developer ID Application: Objective-See, LLC (VBG97UB4TA)";
				COMBINE_HIDPI_IMAGES = YES;
				GCC_PRECOMPILE_PREFIX_HEADER = YES;
				GCC_PREFIX_HEADER = "Installer/Installer-Prefix.pch";
				INFOPLIST_FILE = "$(SRCROOT)/Installer/Installer-Info.plist";
				MACOSX_DEPLOYMENT_TARGET = 10.8;
				PRODUCT_BUNDLE_IDENTIFIER = "com.objectiveSee.$(PRODUCT_NAME:rfc1034identifier)";
				PRODUCT_NAME = RansomWhere_Installer;
				PROVISIONING_PROFILE = "";
				WRAPPER_EXTENSION = app;
			};
			name = Debug;
		};
		CD7F08BB19AE6DCA00FF00FC /* Release */ = {
			isa = XCBuildConfiguration;
			buildSettings = {
				ASSETCATALOG_COMPILER_APPICON_NAME = AppIcon;
				CODE_SIGN_IDENTITY = "Developer ID Application: Objective-See, LLC (VBG97UB4TA)";
				"CODE_SIGN_IDENTITY[sdk=macosx*]" = "Developer ID Application: Objective-See, LLC (VBG97UB4TA)";
				COMBINE_HIDPI_IMAGES = YES;
				GCC_PRECOMPILE_PREFIX_HEADER = YES;
				GCC_PREFIX_HEADER = "Installer/Installer-Prefix.pch";
				INFOPLIST_FILE = "$(SRCROOT)/Installer/Installer-Info.plist";
				MACOSX_DEPLOYMENT_TARGET = 10.8;
				PRODUCT_BUNDLE_IDENTIFIER = "com.objectiveSee.$(PRODUCT_NAME:rfc1034identifier)";
				PRODUCT_NAME = RansomWhere_Installer;
				PROVISIONING_PROFILE = "";
				WRAPPER_EXTENSION = app;
			};
			name = Release;
		};
/* End XCBuildConfiguration section */

/* Begin XCConfigurationList section */
		CD7F088319AE6DCA00FF00FC /* Build configuration list for PBXProject "Installer" */ = {
			isa = XCConfigurationList;
			buildConfigurations = (
				CD7F08B719AE6DCA00FF00FC /* Debug */,
				CD7F08B819AE6DCA00FF00FC /* Release */,
			);
			defaultConfigurationIsVisible = 0;
			defaultConfigurationName = Release;
		};
		CD7F08B919AE6DCA00FF00FC /* Build configuration list for PBXNativeTarget "Installer" */ = {
			isa = XCConfigurationList;
			buildConfigurations = (
				CD7F08BA19AE6DCA00FF00FC /* Debug */,
				CD7F08BB19AE6DCA00FF00FC /* Release */,
			);
			defaultConfigurationIsVisible = 0;
			defaultConfigurationName = Release;
		};
/* End XCConfigurationList section */
	};
	rootObject = CD7F088019AE6DCA00FF00FC /* Project object */;
}
